// !$*UTF8*$!
{
	archiveVersion = 1;
	classes = {
	};
	objectVersion = 46;
	objects = {

/* Begin PBXBuildFile section */
		0190501AB1EA28AEE75D75F5 /* libPods-Tests.a in Frameworks */ = {isa = PBXBuildFile; fileRef = 9DF91088C72FD33490739427 /* libPods-Tests.a */; };
		0A33FEAA1A1C5EC600C0DC5B /* NSDate+DateComponents.m in Sources */ = {isa = PBXBuildFile; fileRef = 0A33FE9B1A1C5EC600C0DC5B /* NSDate+DateComponents.m */; };
		0A33FEAB1A1C5EC600C0DC5B /* NSDate+DateComponents.m in Sources */ = {isa = PBXBuildFile; fileRef = 0A33FE9B1A1C5EC600C0DC5B /* NSDate+DateComponents.m */; };
		0A33FEAC1A1C5EC600C0DC5B /* NSDate+DateInRange.m in Sources */ = {isa = PBXBuildFile; fileRef = 0A33FE9D1A1C5EC600C0DC5B /* NSDate+DateInRange.m */; };
		0A33FEAD1A1C5EC600C0DC5B /* NSDate+DateInRange.m in Sources */ = {isa = PBXBuildFile; fileRef = 0A33FE9D1A1C5EC600C0DC5B /* NSDate+DateInRange.m */; };
		0A33FEAE1A1C5EC600C0DC5B /* NSIndexPath+PrintableIndexPath.m in Sources */ = {isa = PBXBuildFile; fileRef = 0A33FE9F1A1C5EC600C0DC5B /* NSIndexPath+PrintableIndexPath.m */; };
		0A33FEAF1A1C5EC600C0DC5B /* NSIndexPath+PrintableIndexPath.m in Sources */ = {isa = PBXBuildFile; fileRef = 0A33FE9F1A1C5EC600C0DC5B /* NSIndexPath+PrintableIndexPath.m */; };
		0A33FEB01A1C5EC600C0DC5B /* NSMutableArray+EnumerateForMutation.m in Sources */ = {isa = PBXBuildFile; fileRef = 0A33FEA11A1C5EC600C0DC5B /* NSMutableArray+EnumerateForMutation.m */; };
		0A33FEB11A1C5EC600C0DC5B /* NSMutableArray+EnumerateForMutation.m in Sources */ = {isa = PBXBuildFile; fileRef = 0A33FEA11A1C5EC600C0DC5B /* NSMutableArray+EnumerateForMutation.m */; };
		0A33FEB21A1C5EC600C0DC5B /* NSMutableArray+RemoveSingle.m in Sources */ = {isa = PBXBuildFile; fileRef = 0A33FEA31A1C5EC600C0DC5B /* NSMutableArray+RemoveSingle.m */; };
		0A33FEB31A1C5EC600C0DC5B /* NSMutableArray+RemoveSingle.m in Sources */ = {isa = PBXBuildFile; fileRef = 0A33FEA31A1C5EC600C0DC5B /* NSMutableArray+RemoveSingle.m */; };
		0A33FEB41A1C5EC600C0DC5B /* NSString+AddOns.m in Sources */ = {isa = PBXBuildFile; fileRef = 0A33FEA51A1C5EC600C0DC5B /* NSString+AddOns.m */; };
		0A33FEB51A1C5EC600C0DC5B /* NSString+AddOns.m in Sources */ = {isa = PBXBuildFile; fileRef = 0A33FEA51A1C5EC600C0DC5B /* NSString+AddOns.m */; };
		0A33FEB61A1C5EC600C0DC5B /* UIColor+ex_isLightColor.m in Sources */ = {isa = PBXBuildFile; fileRef = 0A33FEA71A1C5EC600C0DC5B /* UIColor+ex_isLightColor.m */; };
		0A33FEB71A1C5EC600C0DC5B /* UIColor+ex_isLightColor.m in Sources */ = {isa = PBXBuildFile; fileRef = 0A33FEA71A1C5EC600C0DC5B /* UIColor+ex_isLightColor.m */; };
		0A33FEB81A1C5EC600C0DC5B /* UIView+Frame.m in Sources */ = {isa = PBXBuildFile; fileRef = 0A33FEA91A1C5EC600C0DC5B /* UIView+Frame.m */; };
		0A33FEB91A1C5EC600C0DC5B /* UIView+Frame.m in Sources */ = {isa = PBXBuildFile; fileRef = 0A33FEA91A1C5EC600C0DC5B /* UIView+Frame.m */; };
		0A33FEC31A1C5F0400C0DC5B /* MDCategoriesTests.m in Sources */ = {isa = PBXBuildFile; fileRef = 0A33FEBF1A1C5F0400C0DC5B /* MDCategoriesTests.m */; };
		0A33FEC81A1C5F0800C0DC5B /* MDDateFormattingTests.m in Sources */ = {isa = PBXBuildFile; fileRef = 0A33FEC01A1C5F0400C0DC5B /* MDDateFormattingTests.m */; };
		0A33FEC91A1C5F0800C0DC5B /* MDMutableArrayTests.m in Sources */ = {isa = PBXBuildFile; fileRef = 0A33FEC11A1C5F0400C0DC5B /* MDMutableArrayTests.m */; };
		6003F58E195388D20070C39A /* Foundation.framework in Frameworks */ = {isa = PBXBuildFile; fileRef = 6003F58D195388D20070C39A /* Foundation.framework */; };
		6003F590195388D20070C39A /* CoreGraphics.framework in Frameworks */ = {isa = PBXBuildFile; fileRef = 6003F58F195388D20070C39A /* CoreGraphics.framework */; };
		6003F592195388D20070C39A /* UIKit.framework in Frameworks */ = {isa = PBXBuildFile; fileRef = 6003F591195388D20070C39A /* UIKit.framework */; };
		6003F598195388D20070C39A /* InfoPlist.strings in Resources */ = {isa = PBXBuildFile; fileRef = 6003F596195388D20070C39A /* InfoPlist.strings */; };
		6003F59A195388D20070C39A /* main.m in Sources */ = {isa = PBXBuildFile; fileRef = 6003F599195388D20070C39A /* main.m */; };
		6003F59E195388D20070C39A /* MDAppDelegate.m in Sources */ = {isa = PBXBuildFile; fileRef = 6003F59D195388D20070C39A /* MDAppDelegate.m */; };
		6003F5A1195388D20070C39A /* Main_iPhone.storyboard in Resources */ = {isa = PBXBuildFile; fileRef = 6003F59F195388D20070C39A /* Main_iPhone.storyboard */; };
		6003F5A9195388D20070C39A /* Images.xcassets in Resources */ = {isa = PBXBuildFile; fileRef = 6003F5A8195388D20070C39A /* Images.xcassets */; };
		6003F5B0195388D20070C39A /* XCTest.framework in Frameworks */ = {isa = PBXBuildFile; fileRef = 6003F5AF195388D20070C39A /* XCTest.framework */; };
		6003F5B1195388D20070C39A /* Foundation.framework in Frameworks */ = {isa = PBXBuildFile; fileRef = 6003F58D195388D20070C39A /* Foundation.framework */; };
		6003F5B2195388D20070C39A /* UIKit.framework in Frameworks */ = {isa = PBXBuildFile; fileRef = 6003F591195388D20070C39A /* UIKit.framework */; };
		6003F5BA195388D20070C39A /* InfoPlist.strings in Resources */ = {isa = PBXBuildFile; fileRef = 6003F5B8195388D20070C39A /* InfoPlist.strings */; };
		651644AE6E2B1DDCAECA6A05 /* libPods-MDCategories.a in Frameworks */ = {isa = PBXBuildFile; fileRef = CC77CB86431BF9F22C6C1477 /* libPods-MDCategories.a */; };
/* End PBXBuildFile section */

/* Begin PBXContainerItemProxy section */
		6003F5B3195388D20070C39A /* PBXContainerItemProxy */ = {
			isa = PBXContainerItemProxy;
			containerPortal = 6003F582195388D10070C39A /* Project object */;
			proxyType = 1;
			remoteGlobalIDString = 6003F589195388D20070C39A;
			remoteInfo = MDCategories;
		};
/* End PBXContainerItemProxy section */

/* Begin PBXFileReference section */
		0A33FE9A1A1C5EC600C0DC5B /* NSDate+DateComponents.h */ = {isa = PBXFileReference; fileEncoding = 4; lastKnownFileType = sourcecode.c.h; name = "NSDate+DateComponents.h"; path = "../../Pod/Classes/NSDate+DateComponents.h"; sourceTree = "<group>"; };
		0A33FE9B1A1C5EC600C0DC5B /* NSDate+DateComponents.m */ = {isa = PBXFileReference; fileEncoding = 4; lastKnownFileType = sourcecode.c.objc; name = "NSDate+DateComponents.m"; path = "../../Pod/Classes/NSDate+DateComponents.m"; sourceTree = "<group>"; };
		0A33FE9C1A1C5EC600C0DC5B /* NSDate+DateInRange.h */ = {isa = PBXFileReference; fileEncoding = 4; lastKnownFileType = sourcecode.c.h; name = "NSDate+DateInRange.h"; path = "../../Pod/Classes/NSDate+DateInRange.h"; sourceTree = "<group>"; };
		0A33FE9D1A1C5EC600C0DC5B /* NSDate+DateInRange.m */ = {isa = PBXFileReference; fileEncoding = 4; lastKnownFileType = sourcecode.c.objc; name = "NSDate+DateInRange.m"; path = "../../Pod/Classes/NSDate+DateInRange.m"; sourceTree = "<group>"; };
		0A33FE9E1A1C5EC600C0DC5B /* NSIndexPath+PrintableIndexPath.h */ = {isa = PBXFileReference; fileEncoding = 4; lastKnownFileType = sourcecode.c.h; name = "NSIndexPath+PrintableIndexPath.h"; path = "../../Pod/Classes/NSIndexPath+PrintableIndexPath.h"; sourceTree = "<group>"; };
		0A33FE9F1A1C5EC600C0DC5B /* NSIndexPath+PrintableIndexPath.m */ = {isa = PBXFileReference; fileEncoding = 4; lastKnownFileType = sourcecode.c.objc; name = "NSIndexPath+PrintableIndexPath.m"; path = "../../Pod/Classes/NSIndexPath+PrintableIndexPath.m"; sourceTree = "<group>"; };
		0A33FEA01A1C5EC600C0DC5B /* NSMutableArray+EnumerateForMutation.h */ = {isa = PBXFileReference; fileEncoding = 4; lastKnownFileType = sourcecode.c.h; name = "NSMutableArray+EnumerateForMutation.h"; path = "../../Pod/Classes/NSMutableArray+EnumerateForMutation.h"; sourceTree = "<group>"; };
		0A33FEA11A1C5EC600C0DC5B /* NSMutableArray+EnumerateForMutation.m */ = {isa = PBXFileReference; fileEncoding = 4; lastKnownFileType = sourcecode.c.objc; name = "NSMutableArray+EnumerateForMutation.m"; path = "../../Pod/Classes/NSMutableArray+EnumerateForMutation.m"; sourceTree = "<group>"; };
		0A33FEA21A1C5EC600C0DC5B /* NSMutableArray+RemoveSingle.h */ = {isa = PBXFileReference; fileEncoding = 4; lastKnownFileType = sourcecode.c.h; name = "NSMutableArray+RemoveSingle.h"; path = "../../Pod/Classes/NSMutableArray+RemoveSingle.h"; sourceTree = "<group>"; };
		0A33FEA31A1C5EC600C0DC5B /* NSMutableArray+RemoveSingle.m */ = {isa = PBXFileReference; fileEncoding = 4; lastKnownFileType = sourcecode.c.objc; name = "NSMutableArray+RemoveSingle.m"; path = "../../Pod/Classes/NSMutableArray+RemoveSingle.m"; sourceTree = "<group>"; };
		0A33FEA41A1C5EC600C0DC5B /* NSString+AddOns.h */ = {isa = PBXFileReference; fileEncoding = 4; lastKnownFileType = sourcecode.c.h; name = "NSString+AddOns.h"; path = "../../Pod/Classes/NSString+AddOns.h"; sourceTree = "<group>"; };
		0A33FEA51A1C5EC600C0DC5B /* NSString+AddOns.m */ = {isa = PBXFileReference; fileEncoding = 4; lastKnownFileType = sourcecode.c.objc; name = "NSString+AddOns.m"; path = "../../Pod/Classes/NSString+AddOns.m"; sourceTree = "<group>"; };
		0A33FEA61A1C5EC600C0DC5B /* UIColor+ex_isLightColor.h */ = {isa = PBXFileReference; fileEncoding = 4; lastKnownFileType = sourcecode.c.h; name = "UIColor+ex_isLightColor.h"; path = "../../Pod/Classes/UIColor+ex_isLightColor.h"; sourceTree = "<group>"; };
		0A33FEA71A1C5EC600C0DC5B /* UIColor+ex_isLightColor.m */ = {isa = PBXFileReference; fileEncoding = 4; lastKnownFileType = sourcecode.c.objc; name = "UIColor+ex_isLightColor.m"; path = "../../Pod/Classes/UIColor+ex_isLightColor.m"; sourceTree = "<group>"; };
		0A33FEA81A1C5EC600C0DC5B /* UIView+Frame.h */ = {isa = PBXFileReference; fileEncoding = 4; lastKnownFileType = sourcecode.c.h; name = "UIView+Frame.h"; path = "../../Pod/Classes/UIView+Frame.h"; sourceTree = "<group>"; };
		0A33FEA91A1C5EC600C0DC5B /* UIView+Frame.m */ = {isa = PBXFileReference; fileEncoding = 4; lastKnownFileType = sourcecode.c.objc; name = "UIView+Frame.m"; path = "../../Pod/Classes/UIView+Frame.m"; sourceTree = "<group>"; };
		0A33FEBF1A1C5F0400C0DC5B /* MDCategoriesTests.m */ = {isa = PBXFileReference; fileEncoding = 4; lastKnownFileType = sourcecode.c.objc; path = MDCategoriesTests.m; sourceTree = "<group>"; };
		0A33FEC01A1C5F0400C0DC5B /* MDDateFormattingTests.m */ = {isa = PBXFileReference; fileEncoding = 4; lastKnownFileType = sourcecode.c.objc; path = MDDateFormattingTests.m; sourceTree = "<group>"; };
		0A33FEC11A1C5F0400C0DC5B /* MDMutableArrayTests.m */ = {isa = PBXFileReference; fileEncoding = 4; lastKnownFileType = sourcecode.c.objc; path = MDMutableArrayTests.m; sourceTree = "<group>"; };
		1290C8A48869126AA2F61F32 /* LICENSE */ = {isa = PBXFileReference; includeInIndex = 1; lastKnownFileType = text; name = LICENSE; path = ../LICENSE; sourceTree = "<group>"; };
		1564BE00896F3ED4ADCB4E5B /* Pods-MDCategories.debug.xcconfig */ = {isa = PBXFileReference; includeInIndex = 1; lastKnownFileType = text.xcconfig; name = "Pods-MDCategories.debug.xcconfig"; path = "Pods/Target Support Files/Pods-MDCategories/Pods-MDCategories.debug.xcconfig"; sourceTree = "<group>"; };
		2907F95F9C97ED6272882287 /* MDCategories.podspec */ = {isa = PBXFileReference; includeInIndex = 1; lastKnownFileType = text; name = MDCategories.podspec; path = ../MDCategories.podspec; sourceTree = "<group>"; };
		2A4270ABCAE59C91E0E706FA /* Pods-Tests.debug.xcconfig */ = {isa = PBXFileReference; includeInIndex = 1; lastKnownFileType = text.xcconfig; name = "Pods-Tests.debug.xcconfig"; path = "Pods/Target Support Files/Pods-Tests/Pods-Tests.debug.xcconfig"; sourceTree = "<group>"; };
		37CDC982C2D9E9A99C312E91 /* Pods-Tests.release.xcconfig */ = {isa = PBXFileReference; includeInIndex = 1; lastKnownFileType = text.xcconfig; name = "Pods-Tests.release.xcconfig"; path = "Pods/Target Support Files/Pods-Tests/Pods-Tests.release.xcconfig"; sourceTree = "<group>"; };
		4999CEC54B2DF108A3512D76 /* Pods-MDCategories.release.xcconfig */ = {isa = PBXFileReference; includeInIndex = 1; lastKnownFileType = text.xcconfig; name = "Pods-MDCategories.release.xcconfig"; path = "Pods/Target Support Files/Pods-MDCategories/Pods-MDCategories.release.xcconfig"; sourceTree = "<group>"; };
		6003F58A195388D20070C39A /* MDCategories.app */ = {isa = PBXFileReference; explicitFileType = wrapper.application; includeInIndex = 0; path = MDCategories.app; sourceTree = BUILT_PRODUCTS_DIR; };
		6003F58D195388D20070C39A /* Foundation.framework */ = {isa = PBXFileReference; lastKnownFileType = wrapper.framework; name = Foundation.framework; path = System/Library/Frameworks/Foundation.framework; sourceTree = SDKROOT; };
		6003F58F195388D20070C39A /* CoreGraphics.framework */ = {isa = PBXFileReference; lastKnownFileType = wrapper.framework; name = CoreGraphics.framework; path = System/Library/Frameworks/CoreGraphics.framework; sourceTree = SDKROOT; };
		6003F591195388D20070C39A /* UIKit.framework */ = {isa = PBXFileReference; lastKnownFileType = wrapper.framework; name = UIKit.framework; path = System/Library/Frameworks/UIKit.framework; sourceTree = SDKROOT; };
		6003F595195388D20070C39A /* MDCategories-Info.plist */ = {isa = PBXFileReference; lastKnownFileType = text.plist.xml; path = "MDCategories-Info.plist"; sourceTree = "<group>"; };
		6003F597195388D20070C39A /* en */ = {isa = PBXFileReference; lastKnownFileType = text.plist.strings; name = en; path = en.lproj/InfoPlist.strings; sourceTree = "<group>"; };
		6003F599195388D20070C39A /* main.m */ = {isa = PBXFileReference; lastKnownFileType = sourcecode.c.objc; path = main.m; sourceTree = "<group>"; };
		6003F59B195388D20070C39A /* MDCategories-Prefix.pch */ = {isa = PBXFileReference; lastKnownFileType = sourcecode.c.h; path = "MDCategories-Prefix.pch"; sourceTree = "<group>"; };
		6003F59C195388D20070C39A /* MDAppDelegate.h */ = {isa = PBXFileReference; lastKnownFileType = sourcecode.c.h; path = MDAppDelegate.h; sourceTree = "<group>"; };
		6003F59D195388D20070C39A /* MDAppDelegate.m */ = {isa = PBXFileReference; lastKnownFileType = sourcecode.c.objc; path = MDAppDelegate.m; sourceTree = "<group>"; };
		6003F5A0195388D20070C39A /* Base */ = {isa = PBXFileReference; lastKnownFileType = file.storyboard; name = Base; path = Base.lproj/Main_iPhone.storyboard; sourceTree = "<group>"; };
		6003F5A8195388D20070C39A /* Images.xcassets */ = {isa = PBXFileReference; lastKnownFileType = folder.assetcatalog; path = Images.xcassets; sourceTree = "<group>"; };
		6003F5AE195388D20070C39A /* Tests.xctest */ = {isa = PBXFileReference; explicitFileType = wrapper.cfbundle; includeInIndex = 0; path = Tests.xctest; sourceTree = BUILT_PRODUCTS_DIR; };
		6003F5AF195388D20070C39A /* XCTest.framework */ = {isa = PBXFileReference; lastKnownFileType = wrapper.framework; name = XCTest.framework; path = Library/Frameworks/XCTest.framework; sourceTree = DEVELOPER_DIR; };
		6003F5B7195388D20070C39A /* Tests-Info.plist */ = {isa = PBXFileReference; lastKnownFileType = text.plist.xml; path = "Tests-Info.plist"; sourceTree = "<group>"; };
		6003F5B9195388D20070C39A /* en */ = {isa = PBXFileReference; lastKnownFileType = text.plist.strings; name = en; path = en.lproj/InfoPlist.strings; sourceTree = "<group>"; };
		606FC2411953D9B200FFA9A0 /* Tests-Prefix.pch */ = {isa = PBXFileReference; lastKnownFileType = sourcecode.c.h; path = "Tests-Prefix.pch"; sourceTree = "<group>"; };
		9DF91088C72FD33490739427 /* libPods-Tests.a */ = {isa = PBXFileReference; explicitFileType = archive.ar; includeInIndex = 0; path = "libPods-Tests.a"; sourceTree = BUILT_PRODUCTS_DIR; };
		C61D65EA4DB5185F7D26F7D8 /* README.md */ = {isa = PBXFileReference; includeInIndex = 1; lastKnownFileType = net.daringfireball.markdown; name = README.md; path = ../README.md; sourceTree = "<group>"; };
		CC77CB86431BF9F22C6C1477 /* libPods-MDCategories.a */ = {isa = PBXFileReference; explicitFileType = archive.ar; includeInIndex = 0; path = "libPods-MDCategories.a"; sourceTree = BUILT_PRODUCTS_DIR; };
/* End PBXFileReference section */

/* Begin PBXFrameworksBuildPhase section */
		6003F587195388D20070C39A /* Frameworks */ = {
			isa = PBXFrameworksBuildPhase;
			buildActionMask = 2147483647;
			files = (
				6003F590195388D20070C39A /* CoreGraphics.framework in Frameworks */,
				6003F592195388D20070C39A /* UIKit.framework in Frameworks */,
				6003F58E195388D20070C39A /* Foundation.framework in Frameworks */,
				651644AE6E2B1DDCAECA6A05 /* libPods-MDCategories.a in Frameworks */,
			);
			runOnlyForDeploymentPostprocessing = 0;
		};
		6003F5AB195388D20070C39A /* Frameworks */ = {
			isa = PBXFrameworksBuildPhase;
			buildActionMask = 2147483647;
			files = (
				6003F5B0195388D20070C39A /* XCTest.framework in Frameworks */,
				6003F5B2195388D20070C39A /* UIKit.framework in Frameworks */,
				6003F5B1195388D20070C39A /* Foundation.framework in Frameworks */,
				0190501AB1EA28AEE75D75F5 /* libPods-Tests.a in Frameworks */,
			);
			runOnlyForDeploymentPostprocessing = 0;
		};
/* End PBXFrameworksBuildPhase section */

/* Begin PBXGroup section */
		0A33FEBA1A1C5ECE00C0DC5B /* NSDate */ = {
			isa = PBXGroup;
			children = (
				0A33FE9A1A1C5EC600C0DC5B /* NSDate+DateComponents.h */,
				0A33FE9B1A1C5EC600C0DC5B /* NSDate+DateComponents.m */,
				0A33FE9C1A1C5EC600C0DC5B /* NSDate+DateInRange.h */,
				0A33FE9D1A1C5EC600C0DC5B /* NSDate+DateInRange.m */,
			);
			name = NSDate;
			sourceTree = "<group>";
		};
		0A33FEBB1A1C5ED700C0DC5B /* MutableArray */ = {
			isa = PBXGroup;
			children = (
				0A33FEA01A1C5EC600C0DC5B /* NSMutableArray+EnumerateForMutation.h */,
				0A33FEA11A1C5EC600C0DC5B /* NSMutableArray+EnumerateForMutation.m */,
				0A33FEA21A1C5EC600C0DC5B /* NSMutableArray+RemoveSingle.h */,
				0A33FEA31A1C5EC600C0DC5B /* NSMutableArray+RemoveSingle.m */,
			);
			name = MutableArray;
			sourceTree = "<group>";
		};
		0A33FEBC1A1C5EE000C0DC5B /* UI Addons */ = {
			isa = PBXGroup;
			children = (
				0A33FEA61A1C5EC600C0DC5B /* UIColor+ex_isLightColor.h */,
				0A33FEA71A1C5EC600C0DC5B /* UIColor+ex_isLightColor.m */,
				0A33FEA81A1C5EC600C0DC5B /* UIView+Frame.h */,
				0A33FEA91A1C5EC600C0DC5B /* UIView+Frame.m */,
			);
			name = "UI Addons";
			sourceTree = "<group>";
		};
		0A33FEBD1A1C5EEB00C0DC5B /* Debugging */ = {
			isa = PBXGroup;
			children = (
				0A33FE9E1A1C5EC600C0DC5B /* NSIndexPath+PrintableIndexPath.h */,
				0A33FE9F1A1C5EC600C0DC5B /* NSIndexPath+PrintableIndexPath.m */,
			);
			name = Debugging;
			sourceTree = "<group>";
		};
		0A33FEBE1A1C5EF100C0DC5B /* NSString */ = {
			isa = PBXGroup;
			children = (
				0A33FEA41A1C5EC600C0DC5B /* NSString+AddOns.h */,
				0A33FEA51A1C5EC600C0DC5B /* NSString+AddOns.m */,
			);
			name = NSString;
			sourceTree = "<group>";
		};
		4B1014D866721CCBBC352BA6 /* Pods */ = {
			isa = PBXGroup;
			children = (
				1564BE00896F3ED4ADCB4E5B /* Pods-MDCategories.debug.xcconfig */,
				4999CEC54B2DF108A3512D76 /* Pods-MDCategories.release.xcconfig */,
				2A4270ABCAE59C91E0E706FA /* Pods-Tests.debug.xcconfig */,
				37CDC982C2D9E9A99C312E91 /* Pods-Tests.release.xcconfig */,
			);
			name = Pods;
			sourceTree = "<group>";
		};
		6003F581195388D10070C39A = {
			isa = PBXGroup;
			children = (
				60FF7A9C1954A5C5007DD14C /* Podspec Metadata */,
				6003F593195388D20070C39A /* MDCategories */,
				6003F5B5195388D20070C39A /* Tests */,
				6003F58C195388D20070C39A /* Frameworks */,
				6003F58B195388D20070C39A /* Products */,
				4B1014D866721CCBBC352BA6 /* Pods */,
			);
			sourceTree = "<group>";
		};
		6003F58B195388D20070C39A /* Products */ = {
			isa = PBXGroup;
			children = (
				6003F58A195388D20070C39A /* MDCategories.app */,
				6003F5AE195388D20070C39A /* Tests.xctest */,
			);
			name = Products;
			sourceTree = "<group>";
		};
		6003F58C195388D20070C39A /* Frameworks */ = {
			isa = PBXGroup;
			children = (
				6003F58D195388D20070C39A /* Foundation.framework */,
				6003F58F195388D20070C39A /* CoreGraphics.framework */,
				6003F591195388D20070C39A /* UIKit.framework */,
				6003F5AF195388D20070C39A /* XCTest.framework */,
				CC77CB86431BF9F22C6C1477 /* libPods-MDCategories.a */,
				9DF91088C72FD33490739427 /* libPods-Tests.a */,
			);
			name = Frameworks;
			sourceTree = "<group>";
		};
		6003F593195388D20070C39A /* MDCategories */ = {
			isa = PBXGroup;
			children = (
				0A33FEBA1A1C5ECE00C0DC5B /* NSDate */,
				0A33FEBD1A1C5EEB00C0DC5B /* Debugging */,
				0A33FEBB1A1C5ED700C0DC5B /* MutableArray */,
				0A33FEBE1A1C5EF100C0DC5B /* NSString */,
				0A33FEBC1A1C5EE000C0DC5B /* UI Addons */,
				6003F594195388D20070C39A /* Supporting Files */,
			);
			path = MDCategories;
			sourceTree = "<group>";
		};
		6003F594195388D20070C39A /* Supporting Files */ = {
			isa = PBXGroup;
			children = (
				6003F59C195388D20070C39A /* MDAppDelegate.h */,
				6003F59D195388D20070C39A /* MDAppDelegate.m */,
				6003F59F195388D20070C39A /* Main_iPhone.storyboard */,
				6003F5A8195388D20070C39A /* Images.xcassets */,
				6003F595195388D20070C39A /* MDCategories-Info.plist */,
				6003F596195388D20070C39A /* InfoPlist.strings */,
				6003F599195388D20070C39A /* main.m */,
				6003F59B195388D20070C39A /* MDCategories-Prefix.pch */,
			);
			name = "Supporting Files";
			sourceTree = "<group>";
		};
		6003F5B5195388D20070C39A /* Tests */ = {
			isa = PBXGroup;
			children = (
				0A33FEBF1A1C5F0400C0DC5B /* MDCategoriesTests.m */,
				0A33FEC01A1C5F0400C0DC5B /* MDDateFormattingTests.m */,
				0A33FEC11A1C5F0400C0DC5B /* MDMutableArrayTests.m */,
				6003F5B6195388D20070C39A /* Supporting Files */,
			);
			path = Tests;
			sourceTree = "<group>";
		};
		6003F5B6195388D20070C39A /* Supporting Files */ = {
			isa = PBXGroup;
			children = (
				6003F5B7195388D20070C39A /* Tests-Info.plist */,
				6003F5B8195388D20070C39A /* InfoPlist.strings */,
				606FC2411953D9B200FFA9A0 /* Tests-Prefix.pch */,
			);
			name = "Supporting Files";
			sourceTree = "<group>";
		};
		60FF7A9C1954A5C5007DD14C /* Podspec Metadata */ = {
			isa = PBXGroup;
			children = (
				2907F95F9C97ED6272882287 /* MDCategories.podspec */,
				C61D65EA4DB5185F7D26F7D8 /* README.md */,
				1290C8A48869126AA2F61F32 /* LICENSE */,
			);
			name = "Podspec Metadata";
			sourceTree = "<group>";
		};
/* End PBXGroup section */

/* Begin PBXNativeTarget section */
		6003F589195388D20070C39A /* MDCategories */ = {
			isa = PBXNativeTarget;
			buildConfigurationList = 6003F5BF195388D20070C39A /* Build configuration list for PBXNativeTarget "MDCategories" */;
			buildPhases = (
				75B6478AB62408431153C5B7 /* Check Pods Manifest.lock */,
				6003F586195388D20070C39A /* Sources */,
				6003F587195388D20070C39A /* Frameworks */,
				6003F588195388D20070C39A /* Resources */,
				E0D6B33F4CF04FC53E73F07F /* Copy Pods Resources */,
			);
			buildRules = (
			);
			dependencies = (
			);
			name = MDCategories;
			productName = MDCategories;
			productReference = 6003F58A195388D20070C39A /* MDCategories.app */;
			productType = "com.apple.product-type.application";
		};
		6003F5AD195388D20070C39A /* Tests */ = {
			isa = PBXNativeTarget;
			buildConfigurationList = 6003F5C2195388D20070C39A /* Build configuration list for PBXNativeTarget "Tests" */;
			buildPhases = (
				E39C1FB3060B826C661CC15B /* Check Pods Manifest.lock */,
				6003F5AA195388D20070C39A /* Sources */,
				6003F5AB195388D20070C39A /* Frameworks */,
				6003F5AC195388D20070C39A /* Resources */,
				C7ACBED9390CC5B2FA6F6DCF /* Copy Pods Resources */,
			);
			buildRules = (
			);
			dependencies = (
				6003F5B4195388D20070C39A /* PBXTargetDependency */,
			);
			name = Tests;
			productName = MDCategoriesTests;
			productReference = 6003F5AE195388D20070C39A /* Tests.xctest */;
			productType = "com.apple.product-type.bundle.unit-test";
		};
/* End PBXNativeTarget section */

/* Begin PBXProject section */
		6003F582195388D10070C39A /* Project object */ = {
			isa = PBXProject;
			attributes = {
				CLASSPREFIX = MD;
				LastUpgradeCheck = 0510;
				ORGANIZATIONNAME = DeWittmm;
				TargetAttributes = {
					6003F5AD195388D20070C39A = {
						TestTargetID = 6003F589195388D20070C39A;
					};
				};
			};
			buildConfigurationList = 6003F585195388D10070C39A /* Build configuration list for PBXProject "MDCategories" */;
			compatibilityVersion = "Xcode 3.2";
			developmentRegion = English;
			hasScannedForEncodings = 0;
			knownRegions = (
				en,
				Base,
			);
			mainGroup = 6003F581195388D10070C39A;
			productRefGroup = 6003F58B195388D20070C39A /* Products */;
			projectDirPath = "";
			projectRoot = "";
			targets = (
				6003F589195388D20070C39A /* MDCategories */,
				6003F5AD195388D20070C39A /* Tests */,
			);
		};
/* End PBXProject section */

/* Begin PBXResourcesBuildPhase section */
		6003F588195388D20070C39A /* Resources */ = {
			isa = PBXResourcesBuildPhase;
			buildActionMask = 2147483647;
			files = (
				6003F5A9195388D20070C39A /* Images.xcassets in Resources */,
				6003F5A1195388D20070C39A /* Main_iPhone.storyboard in Resources */,
				6003F598195388D20070C39A /* InfoPlist.strings in Resources */,
			);
			runOnlyForDeploymentPostprocessing = 0;
		};
		6003F5AC195388D20070C39A /* Resources */ = {
			isa = PBXResourcesBuildPhase;
			buildActionMask = 2147483647;
			files = (
				6003F5BA195388D20070C39A /* InfoPlist.strings in Resources */,
			);
			runOnlyForDeploymentPostprocessing = 0;
		};
/* End PBXResourcesBuildPhase section */

/* Begin PBXShellScriptBuildPhase section */
		75B6478AB62408431153C5B7 /* Check Pods Manifest.lock */ = {
			isa = PBXShellScriptBuildPhase;
			buildActionMask = 2147483647;
			files = (
			);
			inputPaths = (
			);
			name = "Check Pods Manifest.lock";
			outputPaths = (
			);
			runOnlyForDeploymentPostprocessing = 0;
			shellPath = /bin/sh;
			shellScript = "diff \"${PODS_ROOT}/../Podfile.lock\" \"${PODS_ROOT}/Manifest.lock\" > /dev/null\nif [[ $? != 0 ]] ; then\n    cat << EOM\nerror: The sandbox is not in sync with the Podfile.lock. Run 'pod install' or update your CocoaPods installation.\nEOM\n    exit 1\nfi\n";
			showEnvVarsInLog = 0;
		};
		C7ACBED9390CC5B2FA6F6DCF /* Copy Pods Resources */ = {
			isa = PBXShellScriptBuildPhase;
			buildActionMask = 2147483647;
			files = (
			);
			inputPaths = (
			);
			name = "Copy Pods Resources";
			outputPaths = (
			);
			runOnlyForDeploymentPostprocessing = 0;
			shellPath = /bin/sh;
			shellScript = "\"${SRCROOT}/Pods/Target Support Files/Pods-Tests/Pods-Tests-resources.sh\"\n";
			showEnvVarsInLog = 0;
		};
		E0D6B33F4CF04FC53E73F07F /* Copy Pods Resources */ = {
			isa = PBXShellScriptBuildPhase;
			buildActionMask = 2147483647;
			files = (
			);
			inputPaths = (
			);
			name = "Copy Pods Resources";
			outputPaths = (
			);
			runOnlyForDeploymentPostprocessing = 0;
			shellPath = /bin/sh;
			shellScript = "\"${SRCROOT}/Pods/Target Support Files/Pods-MDCategories/Pods-MDCategories-resources.sh\"\n";
			showEnvVarsInLog = 0;
		};
		E39C1FB3060B826C661CC15B /* Check Pods Manifest.lock */ = {
			isa = PBXShellScriptBuildPhase;
			buildActionMask = 2147483647;
			files = (
			);
			inputPaths = (
			);
			name = "Check Pods Manifest.lock";
			outputPaths = (
			);
			runOnlyForDeploymentPostprocessing = 0;
			shellPath = /bin/sh;
			shellScript = "diff \"${PODS_ROOT}/../Podfile.lock\" \"${PODS_ROOT}/Manifest.lock\" > /dev/null\nif [[ $? != 0 ]] ; then\n    cat << EOM\nerror: The sandbox is not in sync with the Podfile.lock. Run 'pod install' or update your CocoaPods installation.\nEOM\n    exit 1\nfi\n";
			showEnvVarsInLog = 0;
		};
/* End PBXShellScriptBuildPhase section */

/* Begin PBXSourcesBuildPhase section */
		6003F586195388D20070C39A /* Sources */ = {
			isa = PBXSourcesBuildPhase;
			buildActionMask = 2147483647;
			files = (
				0A33FEB41A1C5EC600C0DC5B /* NSString+AddOns.m in Sources */,
				0A33FEAA1A1C5EC600C0DC5B /* NSDate+DateComponents.m in Sources */,
				6003F59E195388D20070C39A /* MDAppDelegate.m in Sources */,
				0A33FEB61A1C5EC600C0DC5B /* UIColor+ex_isLightColor.m in Sources */,
				6003F59A195388D20070C39A /* main.m in Sources */,
				0A33FEB01A1C5EC600C0DC5B /* NSMutableArray+EnumerateForMutation.m in Sources */,
				0A33FEAE1A1C5EC600C0DC5B /* NSIndexPath+PrintableIndexPath.m in Sources */,
				0A33FEAC1A1C5EC600C0DC5B /* NSDate+DateInRange.m in Sources */,
				0A33FEB81A1C5EC600C0DC5B /* UIView+Frame.m in Sources */,
				0A33FEB21A1C5EC600C0DC5B /* NSMutableArray+RemoveSingle.m in Sources */,
			);
			runOnlyForDeploymentPostprocessing = 0;
		};
		6003F5AA195388D20070C39A /* Sources */ = {
			isa = PBXSourcesBuildPhase;
			buildActionMask = 2147483647;
			files = (
				0A33FEB91A1C5EC600C0DC5B /* UIView+Frame.m in Sources */,
				0A33FEAB1A1C5EC600C0DC5B /* NSDate+DateComponents.m in Sources */,
				0A33FEC31A1C5F0400C0DC5B /* MDCategoriesTests.m in Sources */,
				0A33FEAF1A1C5EC600C0DC5B /* NSIndexPath+PrintableIndexPath.m in Sources */,
				0A33FEC91A1C5F0800C0DC5B /* MDMutableArrayTests.m in Sources */,
				0A33FEB71A1C5EC600C0DC5B /* UIColor+ex_isLightColor.m in Sources */,
				0A33FEC81A1C5F0800C0DC5B /* MDDateFormattingTests.m in Sources */,
				0A33FEB51A1C5EC600C0DC5B /* NSString+AddOns.m in Sources */,
				0A33FEB31A1C5EC600C0DC5B /* NSMutableArray+RemoveSingle.m in Sources */,
				0A33FEAD1A1C5EC600C0DC5B /* NSDate+DateInRange.m in Sources */,
				0A33FEB11A1C5EC600C0DC5B /* NSMutableArray+EnumerateForMutation.m in Sources */,
			);
			runOnlyForDeploymentPostprocessing = 0;
		};
/* End PBXSourcesBuildPhase section */

/* Begin PBXTargetDependency section */
		6003F5B4195388D20070C39A /* PBXTargetDependency */ = {
			isa = PBXTargetDependency;
			target = 6003F589195388D20070C39A /* MDCategories */;
			targetProxy = 6003F5B3195388D20070C39A /* PBXContainerItemProxy */;
		};
/* End PBXTargetDependency section */

/* Begin PBXVariantGroup section */
		6003F596195388D20070C39A /* InfoPlist.strings */ = {
			isa = PBXVariantGroup;
			children = (
				6003F597195388D20070C39A /* en */,
			);
			name = InfoPlist.strings;
			sourceTree = "<group>";
		};
		6003F59F195388D20070C39A /* Main_iPhone.storyboard */ = {
			isa = PBXVariantGroup;
			children = (
				6003F5A0195388D20070C39A /* Base */,
			);
			name = Main_iPhone.storyboard;
			sourceTree = "<group>";
		};
		6003F5B8195388D20070C39A /* InfoPlist.strings */ = {
			isa = PBXVariantGroup;
			children = (
				6003F5B9195388D20070C39A /* en */,
			);
			name = InfoPlist.strings;
			sourceTree = "<group>";
		};
/* End PBXVariantGroup section */

/* Begin XCBuildConfiguration section */
		6003F5BD195388D20070C39A /* Debug */ = {
			isa = XCBuildConfiguration;
			buildSettings = {
				ALWAYS_SEARCH_USER_PATHS = NO;
				CLANG_CXX_LANGUAGE_STANDARD = "gnu++0x";
				CLANG_CXX_LIBRARY = "libc++";
				CLANG_ENABLE_MODULES = YES;
				CLANG_ENABLE_OBJC_ARC = YES;
				CLANG_WARN_BOOL_CONVERSION = YES;
				CLANG_WARN_CONSTANT_CONVERSION = YES;
				CLANG_WARN_DIRECT_OBJC_ISA_USAGE = YES_ERROR;
				CLANG_WARN_EMPTY_BODY = YES;
				CLANG_WARN_ENUM_CONVERSION = YES;
				CLANG_WARN_INT_CONVERSION = YES;
				CLANG_WARN_OBJC_ROOT_CLASS = YES_ERROR;
				CLANG_WARN__DUPLICATE_METHOD_MATCH = YES;
				"CODE_SIGN_IDENTITY[sdk=iphoneos*]" = "iPhone Developer";
				COPY_PHASE_STRIP = NO;
				GCC_C_LANGUAGE_STANDARD = gnu99;
				GCC_DYNAMIC_NO_PIC = NO;
				GCC_OPTIMIZATION_LEVEL = 0;
				GCC_PREPROCESSOR_DEFINITIONS = (
					"DEBUG=1",
					"$(inherited)",
				);
				GCC_SYMBOLS_PRIVATE_EXTERN = NO;
				GCC_WARN_64_TO_32_BIT_CONVERSION = YES;
				GCC_WARN_ABOUT_RETURN_TYPE = YES_ERROR;
				GCC_WARN_UNDECLARED_SELECTOR = YES;
				GCC_WARN_UNINITIALIZED_AUTOS = YES_AGGRESSIVE;
				GCC_WARN_UNUSED_FUNCTION = YES;
				GCC_WARN_UNUSED_VARIABLE = YES;
				IPHONEOS_DEPLOYMENT_TARGET = 7.1;
				ONLY_ACTIVE_ARCH = YES;
				SDKROOT = iphoneos;
				TARGETED_DEVICE_FAMILY = "1,2";
			};
			name = Debug;
		};
		6003F5BE195388D20070C39A /* Release */ = {
			isa = XCBuildConfiguration;
			buildSettings = {
				ALWAYS_SEARCH_USER_PATHS = NO;
				CLANG_CXX_LANGUAGE_STANDARD = "gnu++0x";
				CLANG_CXX_LIBRARY = "libc++";
				CLANG_ENABLE_MODULES = YES;
				CLANG_ENABLE_OBJC_ARC = YES;
				CLANG_WARN_BOOL_CONVERSION = YES;
				CLANG_WARN_CONSTANT_CONVERSION = YES;
				CLANG_WARN_DIRECT_OBJC_ISA_USAGE = YES_ERROR;
				CLANG_WARN_EMPTY_BODY = YES;
				CLANG_WARN_ENUM_CONVERSION = YES;
				CLANG_WARN_INT_CONVERSION = YES;
				CLANG_WARN_OBJC_ROOT_CLASS = YES_ERROR;
				CLANG_WARN__DUPLICATE_METHOD_MATCH = YES;
				"CODE_SIGN_IDENTITY[sdk=iphoneos*]" = "iPhone Developer";
				COPY_PHASE_STRIP = YES;
				ENABLE_NS_ASSERTIONS = NO;
				GCC_C_LANGUAGE_STANDARD = gnu99;
				GCC_WARN_64_TO_32_BIT_CONVERSION = YES;
				GCC_WARN_ABOUT_RETURN_TYPE = YES_ERROR;
				GCC_WARN_UNDECLARED_SELECTOR = YES;
				GCC_WARN_UNINITIALIZED_AUTOS = YES_AGGRESSIVE;
				GCC_WARN_UNUSED_FUNCTION = YES;
				GCC_WARN_UNUSED_VARIABLE = YES;
				IPHONEOS_DEPLOYMENT_TARGET = 7.1;
				SDKROOT = iphoneos;
				TARGETED_DEVICE_FAMILY = "1,2";
				VALIDATE_PRODUCT = YES;
			};
			name = Release;
		};
		6003F5C0195388D20070C39A /* Debug */ = {
			isa = XCBuildConfiguration;
			baseConfigurationReference = 1564BE00896F3ED4ADCB4E5B /* Pods-MDCategories.debug.xcconfig */;
			buildSettings = {
				ASSETCATALOG_COMPILER_APPICON_NAME = AppIcon;
				ASSETCATALOG_COMPILER_LAUNCHIMAGE_NAME = LaunchImage;
				GCC_PRECOMPILE_PREFIX_HEADER = YES;
				GCC_PREFIX_HEADER = "MDCategories/MDCategories-Prefix.pch";
				INFOPLIST_FILE = "MDCategories/MDCategories-Info.plist";
				PRODUCT_NAME = "$(TARGET_NAME)";
				TARGETED_DEVICE_FAMILY = 1;
				WRAPPER_EXTENSION = app;
			};
			name = Debug;
		};
		6003F5C1195388D20070C39A /* Release */ = {
			isa = XCBuildConfiguration;
			baseConfigurationReference = 4999CEC54B2DF108A3512D76 /* Pods-MDCategories.release.xcconfig */;
			buildSettings = {
				ASSETCATALOG_COMPILER_APPICON_NAME = AppIcon;
				ASSETCATALOG_COMPILER_LAUNCHIMAGE_NAME = LaunchImage;
				GCC_PRECOMPILE_PREFIX_HEADER = YES;
				GCC_PREFIX_HEADER = "MDCategories/MDCategories-Prefix.pch";
				INFOPLIST_FILE = "MDCategories/MDCategories-Info.plist";
				PRODUCT_NAME = "$(TARGET_NAME)";
				TARGETED_DEVICE_FAMILY = 1;
				WRAPPER_EXTENSION = app;
			};
			name = Release;
		};
		6003F5C3195388D20070C39A /* Debug */ = {
			isa = XCBuildConfiguration;
			baseConfigurationReference = 2A4270ABCAE59C91E0E706FA /* Pods-Tests.debug.xcconfig */;
			buildSettings = {
				BUNDLE_LOADER = "$(BUILT_PRODUCTS_DIR)/MDCategories.app/MDCategories";
				FRAMEWORK_SEARCH_PATHS = (
					"$(SDKROOT)/Developer/Library/Frameworks",
					"$(inherited)",
					"$(DEVELOPER_FRAMEWORKS_DIR)",
				);
				GCC_PRECOMPILE_PREFIX_HEADER = YES;
				GCC_PREFIX_HEADER = "Tests/Tests-Prefix.pch";
				GCC_PREPROCESSOR_DEFINITIONS = (
					"DEBUG=1",
					"$(inherited)",
				);
				INFOPLIST_FILE = "Tests/Tests-Info.plist";
				PRODUCT_NAME = "$(TARGET_NAME)";
				TEST_HOST = "$(BUNDLE_LOADER)";
				WRAPPER_EXTENSION = xctest;
			};
			name = Debug;
		};
		6003F5C4195388D20070C39A /* Release */ = {
			isa = XCBuildConfiguration;
			baseConfigurationReference = 37CDC982C2D9E9A99C312E91 /* Pods-Tests.release.xcconfig */;
			buildSettings = {
				BUNDLE_LOADER = "$(BUILT_PRODUCTS_DIR)/MDCategories.app/MDCategories";
				FRAMEWORK_SEARCH_PATHS = (
					"$(SDKROOT)/Developer/Library/Frameworks",
					"$(inherited)",
					"$(DEVELOPER_FRAMEWORKS_DIR)",
				);
				GCC_PRECOMPILE_PREFIX_HEADER = YES;
				GCC_PREFIX_HEADER = "Tests/Tests-Prefix.pch";
				INFOPLIST_FILE = "Tests/Tests-Info.plist";
				PRODUCT_NAME = "$(TARGET_NAME)";
				TEST_HOST = "$(BUNDLE_LOADER)";
				WRAPPER_EXTENSION = xctest;
			};
			name = Release;
		};
/* End XCBuildConfiguration section */

/* Begin XCConfigurationList section */
		6003F585195388D10070C39A /* Build configuration list for PBXProject "MDCategories" */ = {
			isa = XCConfigurationList;
			buildConfigurations = (
				6003F5BD195388D20070C39A /* Debug */,
				6003F5BE195388D20070C39A /* Release */,
			);
			defaultConfigurationIsVisible = 0;
			defaultConfigurationName = Release;
		};
		6003F5BF195388D20070C39A /* Build configuration list for PBXNativeTarget "MDCategories" */ = {
			isa = XCConfigurationList;
			buildConfigurations = (
				6003F5C0195388D20070C39A /* Debug */,
				6003F5C1195388D20070C39A /* Release */,
			);
			defaultConfigurationIsVisible = 0;
			defaultConfigurationName = Release;
		};
		6003F5C2195388D20070C39A /* Build configuration list for PBXNativeTarget "Tests" */ = {
			isa = XCConfigurationList;
			buildConfigurations = (
				6003F5C3195388D20070C39A /* Debug */,
				6003F5C4195388D20070C39A /* Release */,
			);
			defaultConfigurationIsVisible = 0;
			defaultConfigurationName = Release;
		};
/* End XCConfigurationList section */
	};
	rootObject = 6003F582195388D10070C39A /* Project object */;
}
